# THIS IS AN AUTOGENERATED FILE. DO NOT EDIT THIS FILE DIRECTLY.
# yarn lockfile v1


httpdispatcher@^1.0.0:
  version "1.1.0"
  resolved "https://registry.yarnpkg.com/httpdispatcher/-/httpdispatcher-1.1.0.tgz#926ef2bc32722bf6ac5c39d1054b1600a9ee5e45"
  dependencies:
    mime ">=1.2.5"

mime@>=1.2.5:
  version "2.4.4"
  resolved "https://registry.yarnpkg.com/mime/-/mime-2.4.4.tgz#bd7b91135fc6b01cde3e9bae33d659b63d8857e5"
